
Microsoft Visual Studio Solution File, Format Version 12.00
# Visual Studio Version 16
VisualStudioVersion = 16.0.30611.23
MinimumVisualStudioVersion = 10.0.40219.1
Project("{FAE04EC0-301F-11D3-BF4B-00C04F79EFBC}") = "Rot13", "Rot13\Rot13.csproj", "{84F047B0-C45F-4D71-9833-B0DCDBCE5A6C}"
EndProject
Global
	GlobalSection(SolutionConfigurationPlatforms) = preSolution
		Debug|Any CPU = Debug|Any CPU
		Release|Any CPU = Release|Any CPU
	EndGlobalSection
	GlobalSection(ProjectConfigurationPlatforms) = postSolution
		{84F047B0-C45F-4D71-9833-B0DCDBCE5A6C}.Debug|Any CPU.ActiveCfg = Debug|Any CPU
		{84F047B0-C45F-4D71-9833-B0DCDBCE5A6C}.Debug|Any CPU.Build.0 = Debug|Any CPU
		{84F047B0-C45F-4D71-9833-B0DCDBCE5A6C}.Release|Any CPU.ActiveCfg = Release|Any CPU
		{84F047B0-C45F-4D71-9833-B0DCDBCE5A6C}.Release|Any CPU.Build.0 = Release|Any CPU
	EndGlobalSection
	GlobalSection(SolutionProperties) = preSolution
		HideSolutionNode = FALSE
	EndGlobalSection
	GlobalSection(ExtensibilityGlobals) = postSolution
		SolutionGuid = {1DB20B0B-22A0-44E2-886D-15F1B315BA73}
	EndGlobalSection
EndGlobal
